
Microsoft Visual Studio Solution File, Format Version 12.00
# Visual Studio Version 16
VisualStudioVersion = 16.0.30611.23
MinimumVisualStudioVersion = 10.0.40219.1
Project("{FAE04EC0-301F-11D3-BF4B-00C04F79EFBC}") = "FinalJuanGianella", "FinalJuanGianella\FinalJuanGianella.csproj", "{982DFF4E-B6D6-4F45-994B-3E63DA359F69}"
EndProject
Global
	GlobalSection(SolutionConfigurationPlatforms) = preSolution
		Debug|Any CPU = Debug|Any CPU
		Release|Any CPU = Release|Any CPU
	EndGlobalSection
	GlobalSection(ProjectConfigurationPlatforms) = postSolution
		{982DFF4E-B6D6-4F45-994B-3E63DA359F69}.Debug|Any CPU.ActiveCfg = Debug|Any CPU
		{982DFF4E-B6D6-4F45-994B-3E63DA359F69}.Debug|Any CPU.Build.0 = Debug|Any CPU
		{982DFF4E-B6D6-4F45-994B-3E63DA359F69}.Release|Any CPU.ActiveCfg = Release|Any CPU
		{982DFF4E-B6D6-4F45-994B-3E63DA359F69}.Release|Any CPU.Build.0 = Release|Any CPU
	EndGlobalSection
	GlobalSection(SolutionProperties) = preSolution
		HideSolutionNode = FALSE
	EndGlobalSection
	GlobalSection(ExtensibilityGlobals) = postSolution
		SolutionGuid = {6666BA40-3690-4D31-8FE5-C83C864336B3}
	EndGlobalSection
EndGlobal
